
Microsoft Visual Studio Solution File, Format Version 12.00
# Visual Studio Version 16
VisualStudioVersion = 16.0.29806.167
MinimumVisualStudioVersion = 10.0.40219.1
Project("{FAE04EC0-301F-11D3-BF4B-00C04F79EFBC}") = "SEDC.Homework06.App", "SEDC.Homework06\SEDC.Homework06.App.csproj", "{467CA9C3-9D7C-44B1-96C1-6484B9330A24}"
EndProject
Project("{FAE04EC0-301F-11D3-BF4B-00C04F79EFBC}") = "SEDC.Homework06.Library", "SEDC.Homework06.Library\SEDC.Homework06.Library.csproj", "{251A23BA-57C8-4E5A-99DE-70808D144BFB}"
EndProject
Global
	GlobalSection(SolutionConfigurationPlatforms) = preSolution
		Debug|Any CPU = Debug|Any CPU
		Release|Any CPU = Release|Any CPU
	EndGlobalSection
	GlobalSection(ProjectConfigurationPlatforms) = postSolution
		{467CA9C3-9D7C-44B1-96C1-6484B9330A24}.Debug|Any CPU.ActiveCfg = Debug|Any CPU
		{467CA9C3-9D7C-44B1-96C1-6484B9330A24}.Debug|Any CPU.Build.0 = Debug|Any CPU
		{467CA9C3-9D7C-44B1-96C1-6484B9330A24}.Release|Any CPU.ActiveCfg = Release|Any CPU
		{467CA9C3-9D7C-44B1-96C1-6484B9330A24}.Release|Any CPU.Build.0 = Release|Any CPU
		{251A23BA-57C8-4E5A-99DE-70808D144BFB}.Debug|Any CPU.ActiveCfg = Debug|Any CPU
		{251A23BA-57C8-4E5A-99DE-70808D144BFB}.Debug|Any CPU.Build.0 = Debug|Any CPU
		{251A23BA-57C8-4E5A-99DE-70808D144BFB}.Release|Any CPU.ActiveCfg = Release|Any CPU
		{251A23BA-57C8-4E5A-99DE-70808D144BFB}.Release|Any CPU.Build.0 = Release|Any CPU
	EndGlobalSection
	GlobalSection(SolutionProperties) = preSolution
		HideSolutionNode = FALSE
	EndGlobalSection
	GlobalSection(ExtensibilityGlobals) = postSolution
		SolutionGuid = {D43914D4-BB78-4157-931A-4E894BBCB9EE}
	EndGlobalSection
EndGlobal
